{
  "name": "frame-music-video",
  "version": "1.0.0",
  "lockfileVersion": 3,
  "requires": true,
  "packages": {
    "": {
      "name": "frame-music-video",
      "version": "1.0.0",
      "license": "ISC",
      "dependencies": {
        "@fontsource/orbitron": "^5.3.0",
        "@fontsource/share-tech-mono": "^5.3.0",
        "@fontsource/yellowtail": "^5.3.0",
        "playwright-core": "1.56",
        "three": "^0.186.1"
      }
    },
    "node_modules/@fontsource/orbitron": {
      "version": "5.3.0",
      "resolved": "https://registry.npmjs.org/@fontsource/orbitron/-/orbitron-5.3.0.tgz",
      "integrity": "sha512-+BhPsbUAo/AF7sRcf+TEexm+EWWkgTiR9Zwb7AhYIPkc5oplfvw0C45Oc2xlKPhwVEmxG8hHuA6/Ansbl+Bc6w==",
      "license": "OFL-1.1",
      "funding": {
        "url": "https://github.com/sponsors/ayuhito"
      }
    },
    "node_modules/@fontsource/share-tech-mono": {
      "version": "5.3.0",
      "resolved": "https://registry.npmjs.org/@fontsource/share-tech-mono/-/share-tech-mono-5.3.0.tgz",
      "integrity": "sha512-hVEzVCzEid/fBfhggMyvkfDzn9ODrMihxC0EiOeQK3BuQNvdjmith2ERnoDNUkbW8zhufbKNuCgaSoT8LUNpuQ==",
      "license": "OFL-1.1",
      "funding": {
        "url": "https://github.com/sponsors/ayuhito"
      }
    },
    "node_modules/@fontsource/yellowtail": {
      "version": "5.3.0",
      "resolved": "https://registry.npmjs.org/@fontsource/yellowtail/-/yellowtail-5.3.0.tgz",
      "integrity": "sha512-atz4CIdbP7otppxRaObJiygnkyJzIuLFpPRjWspXvXhBWLB0sk35cCu5r6gSkDomRtEWakJ8//bWbyBjJbilGg==",
      "license": "Apache-2.0",
      "funding": {
        "url": "https://github.com/sponsors/ayuhito"
      }
    },
    "node_modules/playwright-core": {
      "version": "1.56.1",
      "resolved": "https://registry.npmjs.org/playwright-core/-/playwright-core-1.56.1.tgz",
      "integrity": "sha512-hutraynyn31F+Bifme+Ps9Vq59hKuUCz7H1kDOcBs+2oGguKkWTU50bBWrtz34OUWmIwpBTWDxaRPXrIXkgvmQ==",
      "license": "Apache-2.0",
      "bin": {
        "playwright-core": "cli.js"
      },
      "engines": {
        "node": ">=18"
      }
    },
    "node_modules/three": {
      "version": "0.186.1",
      "resolved": "https://registry.npmjs.org/three/-/three-0.186.1.tgz",
      "integrity": "sha512-blFeqb49wRCSGUGj7gtpfnSGHy2lwDk94RhUmS1c/hTby70kvChbWpkJ4Pm1390LqzzvTmzgXKHPEafJwCb8jA==",
      "license": "MIT"
    }
  }
}
